
Microsoft Visual Studio Solution File, Format Version 12.00
# Visual Studio Version 16
VisualStudioVersion = 16.0.29905.134
MinimumVisualStudioVersion = 10.0.40219.1
Project("{9A19103F-16F7-4668-BE54-9A1E7A4F7556}") = "Binder", "BinderCore\Binder.csproj", "{4F81590A-A194-4EE1-ADB0-476D377F0CE5}"
EndProject
Project("{9A19103F-16F7-4668-BE54-9A1E7A4F7556}") = "Binder.UnitTests", "Binder.UnitTestsCore\Binder.UnitTests.csproj", "{5634D9E2-707F-462A-ADA9-26CBA88B4A43}"
EndProject
Global
	GlobalSection(SolutionConfigurationPlatforms) = preSolution
		Debug|Any CPU = Debug|Any CPU
		Debug|x64 = Debug|x64
		Release|Any CPU = Release|Any CPU
		Release|x64 = Release|x64
	EndGlobalSection
	GlobalSection(ProjectConfigurationPlatforms) = postSolution
		{4F81590A-A194-4EE1-ADB0-476D377F0CE5}.Debug|Any CPU.ActiveCfg = Debug|Any CPU
		{4F81590A-A194-4EE1-ADB0-476D377F0CE5}.Debug|Any CPU.Build.0 = Debug|Any CPU
		{4F81590A-A194-4EE1-ADB0-476D377F0CE5}.Debug|x64.ActiveCfg = Debug|Any CPU
		{4F81590A-A194-4EE1-ADB0-476D377F0CE5}.Debug|x64.Build.0 = Debug|Any CPU
		{4F81590A-A194-4EE1-ADB0-476D377F0CE5}.Release|Any CPU.ActiveCfg = Release|Any CPU
		{4F81590A-A194-4EE1-ADB0-476D377F0CE5}.Release|Any CPU.Build.0 = Release|Any CPU
		{4F81590A-A194-4EE1-ADB0-476D377F0CE5}.Release|x64.ActiveCfg = Release|Any CPU
		{4F81590A-A194-4EE1-ADB0-476D377F0CE5}.Release|x64.Build.0 = Release|Any CPU
		{5634D9E2-707F-462A-ADA9-26CBA88B4A43}.Debug|Any CPU.ActiveCfg = Debug|Any CPU
		{5634D9E2-707F-462A-ADA9-26CBA88B4A43}.Debug|Any CPU.Build.0 = Debug|Any CPU
		{5634D9E2-707F-462A-ADA9-26CBA88B4A43}.Debug|x64.ActiveCfg = Debug|Any CPU
		{5634D9E2-707F-462A-ADA9-26CBA88B4A43}.Debug|x64.Build.0 = Debug|Any CPU
		{5634D9E2-707F-462A-ADA9-26CBA88B4A43}.Release|Any CPU.ActiveCfg = Release|Any CPU
		{5634D9E2-707F-462A-ADA9-26CBA88B4A43}.Release|Any CPU.Build.0 = Release|Any CPU
		{5634D9E2-707F-462A-ADA9-26CBA88B4A43}.Release|x64.ActiveCfg = Release|Any CPU
		{5634D9E2-707F-462A-ADA9-26CBA88B4A43}.Release|x64.Build.0 = Release|Any CPU
	EndGlobalSection
	GlobalSection(SolutionProperties) = preSolution
		HideSolutionNode = FALSE
	EndGlobalSection
	GlobalSection(ExtensibilityGlobals) = postSolution
		SolutionGuid = {37ACEC8B-7389-4A72-AEE7-ECC8B5F1FA01}
	EndGlobalSection
EndGlobal
